
Microsoft Visual Studio Solution File, Format Version 12.00
# Visual Studio Version 17
VisualStudioVersion = 17.0.31903.59
MinimumVisualStudioVersion = 10.0.40219.1
Project("{2150E333-8FDC-42A3-9474-1A3956D46DE8}") = "src", "src", "{827E0CD3-B72D-47B6-A68D-7590B98EB39B}"
EndProject
Project("{FAE04EC0-301F-11D3-BF4B-00C04F79EFBC}") = "MmoDemo.Gateway", "src\MmoDemo.Gateway\MmoDemo.Gateway.csproj", "{F956D1FD-DF5F-466E-835F-9F56E616F496}"
EndProject
Project("{FAE04EC0-301F-11D3-BF4B-00C04F79EFBC}") = "MmoDemo.Application", "src\MmoDemo.Application\MmoDemo.Application.csproj", "{E23FC3A5-B79F-4FE2-BFD7-6AA6D08CD992}"
EndProject
Project("{FAE04EC0-301F-11D3-BF4B-00C04F79EFBC}") = "MmoDemo.Domain", "src\MmoDemo.Domain\MmoDemo.Domain.csproj", "{91712425-BDCD-4352-9912-2FE28CFAA181}"
EndProject
Project("{FAE04EC0-301F-11D3-BF4B-00C04F79EFBC}") = "MmoDemo.Infrastructure", "src\MmoDemo.Infrastructure\MmoDemo.Infrastructure.csproj", "{A4867359-22FB-41B2-9BA8-C1B7B998E40F}"
EndProject
Project("{FAE04EC0-301F-11D3-BF4B-00C04F79EFBC}") = "MmoDemo.Contracts", "src\MmoDemo.Contracts\MmoDemo.Contracts.csproj", "{EF70F6FD-93DA-4821-A960-439E28B2C180}"
EndProject
Project("{FAE04EC0-301F-11D3-BF4B-00C04F79EFBC}") = "MmoDemo.Gateway.Tests", "tests\MmoDemo.Gateway.Tests\MmoDemo.Gateway.Tests.csproj", "{ADDCE8B3-21D4-4B8C-9B00-93B305DBCA34}"
EndProject
Global
	GlobalSection(SolutionConfigurationPlatforms) = preSolution
		Debug|Any CPU = Debug|Any CPU
		Debug|x64 = Debug|x64
		Debug|x86 = Debug|x86
		Release|Any CPU = Release|Any CPU
		Release|x64 = Release|x64
		Release|x86 = Release|x86
	EndGlobalSection
	GlobalSection(ProjectConfigurationPlatforms) = postSolution
		{F956D1FD-DF5F-466E-835F-9F56E616F496}.Debug|Any CPU.ActiveCfg = Debug|Any CPU
		{F956D1FD-DF5F-466E-835F-9F56E616F496}.Debug|Any CPU.Build.0 = Debug|Any CPU
		{F956D1FD-DF5F-466E-835F-9F56E616F496}.Debug|x64.ActiveCfg = Debug|Any CPU
		{F956D1FD-DF5F-466E-835F-9F56E616F496}.Debug|x64.Build.0 = Debug|Any CPU
		{F956D1FD-DF5F-466E-835F-9F56E616F496}.Debug|x86.ActiveCfg = Debug|Any CPU
		{F956D1FD-DF5F-466E-835F-9F56E616F496}.Debug|x86.Build.0 = Debug|Any CPU
		{F956D1FD-DF5F-466E-835F-9F56E616F496}.Release|Any CPU.ActiveCfg = Release|Any CPU
		{F956D1FD-DF5F-466E-835F-9F56E616F496}.Release|Any CPU.Build.0 = Release|Any CPU
		{F956D1FD-DF5F-466E-835F-9F56E616F496}.Release|x64.ActiveCfg = Release|Any CPU
		{F956D1FD-DF5F-466E-835F-9F56E616F496}.Release|x64.Build.0 = Release|Any CPU
		{F956D1FD-DF5F-466E-835F-9F56E616F496}.Release|x86.ActiveCfg = Release|Any CPU
		{F956D1FD-DF5F-466E-835F-9F56E616F496}.Release|x86.Build.0 = Release|Any CPU
		{E23FC3A5-B79F-4FE2-BFD7-6AA6D08CD992}.Debug|Any CPU.ActiveCfg = Debug|Any CPU
		{E23FC3A5-B79F-4FE2-BFD7-6AA6D08CD992}.Debug|Any CPU.Build.0 = Debug|Any CPU
		{E23FC3A5-B79F-4FE2-BFD7-6AA6D08CD992}.Debug|x64.ActiveCfg = Debug|Any CPU
		{E23FC3A5-B79F-4FE2-BFD7-6AA6D08CD992}.Debug|x64.Build.0 = Debug|Any CPU
		{E23FC3A5-B79F-4FE2-BFD7-6AA6D08CD992}.Debug|x86.ActiveCfg = Debug|Any CPU
		{E23FC3A5-B79F-4FE2-BFD7-6AA6D08CD992}.Debug|x86.Build.0 = Debug|Any CPU
		{E23FC3A5-B79F-4FE2-BFD7-6AA6D08CD992}.Release|Any CPU.ActiveCfg = Release|Any CPU
		{E23FC3A5-B79F-4FE2-BFD7-6AA6D08CD992}.Release|Any CPU.Build.0 = Release|Any CPU
		{E23FC3A5-B79F-4FE2-BFD7-6AA6D08CD992}.Release|x64.ActiveCfg = Release|Any CPU
		{E23FC3A5-B79F-4FE2-BFD7-6AA6D08CD992}.Release|x64.Build.0 = Release|Any CPU
		{E23FC3A5-B79F-4FE2-BFD7-6AA6D08CD992}.Release|x86.ActiveCfg = Release|Any CPU
		{E23FC3A5-B79F-4FE2-BFD7-6AA6D08CD992}.Release|x86.Build.0 = Release|Any CPU
		{91712425-BDCD-4352-9912-2FE28CFAA181}.Debug|Any CPU.ActiveCfg = Debug|Any CPU
		{91712425-BDCD-4352-9912-2FE28CFAA181}.Debug|Any CPU.Build.0 = Debug|Any CPU
		{91712425-BDCD-4352-9912-2FE28CFAA181}.Debug|x64.ActiveCfg = Debug|Any CPU
		{91712425-BDCD-4352-9912-2FE28CFAA181}.Debug|x64.Build.0 = Debug|Any CPU
		{91712425-BDCD-4352-9912-2FE28CFAA181}.Debug|x86.ActiveCfg = Debug|Any CPU
		{91712425-BDCD-4352-9912-2FE28CFAA181}.Debug|x86.Build.0 = Debug|Any CPU
		{91712425-BDCD-4352-9912-2FE28CFAA181}.Release|Any CPU.ActiveCfg = Release|Any CPU
		{91712425-BDCD-4352-9912-2FE28CFAA181}.Release|Any CPU.Build.0 = Release|Any CPU
		{91712425-BDCD-4352-9912-2FE28CFAA181}.Release|x64.ActiveCfg = Release|Any CPU
		{91712425-BDCD-4352-9912-2FE28CFAA181}.Release|x64.Build.0 = Release|Any CPU
		{91712425-BDCD-4352-9912-2FE28CFAA181}.Release|x86.ActiveCfg = Release|Any CPU
		{91712425-BDCD-4352-9912-2FE28CFAA181}.Release|x86.Build.0 = Release|Any CPU
		{A4867359-22FB-41B2-9BA8-C1B7B998E40F}.Debug|Any CPU.ActiveCfg = Debug|Any CPU
		{A4867359-22FB-41B2-9BA8-C1B7B998E40F}.Debug|Any CPU.Build.0 = Debug|Any CPU
		{A4867359-22FB-41B2-9BA8-C1B7B998E40F}.Debug|x64.ActiveCfg = Debug|Any CPU
		{A4867359-22FB-41B2-9BA8-C1B7B998E40F}.Debug|x64.Build.0 = Debug|Any CPU
		{A4867359-22FB-41B2-9BA8-C1B7B998E40F}.Debug|x86.ActiveCfg = Debug|Any CPU
		{A4867359-22FB-41B2-9BA8-C1B7B998E40F}.Debug|x86.Build.0 = Debug|Any CPU
		{A4867359-22FB-41B2-9BA8-C1B7B998E40F}.Release|Any CPU.ActiveCfg = Release|Any CPU
		{A4867359-22FB-41B2-9BA8-C1B7B998E40F}.Release|Any CPU.Build.0 = Release|Any CPU
		{A4867359-22FB-41B2-9BA8-C1B7B998E40F}.Release|x64.ActiveCfg = Release|Any CPU
		{A4867359-22FB-41B2-9BA8-C1B7B998E40F}.Release|x64.Build.0 = Release|Any CPU
		{A4867359-22FB-41B2-9BA8-C1B7B998E40F}.Release|x86.ActiveCfg = Release|Any CPU
		{A4867359-22FB-41B2-9BA8-C1B7B998E40F}.Release|x86.Build.0 = Release|Any CPU
		{EF70F6FD-93DA-4821-A960-439E28B2C180}.Debug|Any CPU.ActiveCfg = Debug|Any CPU
		{EF70F6FD-93DA-4821-A960-439E28B2C180}.Debug|Any CPU.Build.0 = Debug|Any CPU
		{EF70F6FD-93DA-4821-A960-439E28B2C180}.Debug|x64.ActiveCfg = Debug|Any CPU
		{EF70F6FD-93DA-4821-A960-439E28B2C180}.Debug|x64.Build.0 = Debug|Any CPU
		{EF70F6FD-93DA-4821-A960-439E28B2C180}.Debug|x86.ActiveCfg = Debug|Any CPU
		{EF70F6FD-93DA-4821-A960-439E28B2C180}.Debug|x86.Build.0 = Debug|Any CPU
		{EF70F6FD-93DA-4821-A960-439E28B2C180}.Release|Any CPU.ActiveCfg = Release|Any CPU
		{EF70F6FD-93DA-4821-A960-439E28B2C180}.Release|Any CPU.Build.0 = Release|Any CPU
		{EF70F6FD-93DA-4821-A960-439E28B2C180}.Release|x64.ActiveCfg = Release|Any CPU
		{EF70F6FD-93DA-4821-A960-439E28B2C180}.Release|x64.Build.0 = Release|Any CPU
		{EF70F6FD-93DA-4821-A960-439E28B2C180}.Release|x86.ActiveCfg = Release|Any CPU
		{EF70F6FD-93DA-4821-A960-439E28B2C180}.Release|x86.Build.0 = Release|Any CPU
		{ADDCE8B3-21D4-4B8C-9B00-93B305DBCA34}.Debug|Any CPU.ActiveCfg = Debug|Any CPU
		{ADDCE8B3-21D4-4B8C-9B00-93B305DBCA34}.Debug|Any CPU.Build.0 = Debug|Any CPU
		{ADDCE8B3-21D4-4B8C-9B00-93B305DBCA34}.Debug|x64.ActiveCfg = Debug|Any CPU
		{ADDCE8B3-21D4-4B8C-9B00-93B305DBCA34}.Debug|x64.Build.0 = Debug|Any CPU
		{ADDCE8B3-21D4-4B8C-9B00-93B305DBCA34}.Debug|x86.ActiveCfg = Debug|Any CPU
		{ADDCE8B3-21D4-4B8C-9B00-93B305DBCA34}.Debug|x86.Build.0 = Debug|Any CPU
		{ADDCE8B3-21D4-4B8C-9B00-93B305DBCA34}.Release|Any CPU.ActiveCfg = Release|Any CPU
		{ADDCE8B3-21D4-4B8C-9B00-93B305DBCA34}.Release|Any CPU.Build.0 = Release|Any CPU
		{ADDCE8B3-21D4-4B8C-9B00-93B305DBCA34}.Release|x64.ActiveCfg = Release|Any CPU
		{ADDCE8B3-21D4-4B8C-9B00-93B305DBCA34}.Release|x64.Build.0 = Release|Any CPU
		{ADDCE8B3-21D4-4B8C-9B00-93B305DBCA34}.Release|x86.ActiveCfg = Release|Any CPU
		{ADDCE8B3-21D4-4B8C-9B00-93B305DBCA34}.Release|x86.Build.0 = Release|Any CPU
	EndGlobalSection
	GlobalSection(SolutionProperties) = preSolution
		HideSolutionNode = FALSE
	EndGlobalSection
	GlobalSection(NestedProjects) = preSolution
		{F956D1FD-DF5F-466E-835F-9F56E616F496} = {827E0CD3-B72D-47B6-A68D-7590B98EB39B}
		{E23FC3A5-B79F-4FE2-BFD7-6AA6D08CD992} = {827E0CD3-B72D-47B6-A68D-7590B98EB39B}
		{91712425-BDCD-4352-9912-2FE28CFAA181} = {827E0CD3-B72D-47B6-A68D-7590B98EB39B}
		{A4867359-22FB-41B2-9BA8-C1B7B998E40F} = {827E0CD3-B72D-47B6-A68D-7590B98EB39B}
		{EF70F6FD-93DA-4821-A960-439E28B2C180} = {827E0CD3-B72D-47B6-A68D-7590B98EB39B}
		{ADDCE8B3-21D4-4B8C-9B00-93B305DBCA34} = {827E0CD3-B72D-47B6-A68D-7590B98EB39B}
	EndGlobalSection
EndGlobal
